
Microsoft Visual Studio Solution File, Format Version 12.00
# Visual Studio 15
VisualStudioVersion = 15.0.27130.2010
MinimumVisualStudioVersion = 10.0.40219.1
Project("{E24C65DC-7377-472B-9ABA-BC803B73C61A}") = "TuscanyVilla", "TuscanyVilla\", "{6AF58DEF-8C54-45A9-BCD6-23FFD5FFE56C}"
	ProjectSection(WebsiteProperties) = preProject
		TargetFrameworkMoniker = ".NETFramework,Version%3Dv4.6.1"
		Debug.AspNetCompiler.VirtualPath = "/localhost_54760"
		Debug.AspNetCompiler.PhysicalPath = "TuscanyVilla\"
		Debug.AspNetCompiler.TargetPath = "PrecompiledWeb\localhost_54760\"
		Debug.AspNetCompiler.Updateable = "true"
		Debug.AspNetCompiler.ForceOverwrite = "true"
		Debug.AspNetCompiler.FixedNames = "false"
		Debug.AspNetCompiler.Debug = "True"
		Release.AspNetCompiler.VirtualPath = "/localhost_54760"
		Release.AspNetCompiler.PhysicalPath = "TuscanyVilla\"
		Release.AspNetCompiler.TargetPath = "PrecompiledWeb\localhost_54760\"
		Release.AspNetCompiler.Updateable = "true"
		Release.AspNetCompiler.ForceOverwrite = "true"
		Release.AspNetCompiler.FixedNames = "false"
		Release.AspNetCompiler.Debug = "False"
		VWDPort = "54760"
		SlnRelativePath = "TuscanyVilla\"
		DefaultWebSiteLanguage = "Visual C#"
	EndProjectSection
EndProject
Global
	GlobalSection(SolutionConfigurationPlatforms) = preSolution
		Debug|Any CPU = Debug|Any CPU
	EndGlobalSection
	GlobalSection(ProjectConfigurationPlatforms) = postSolution
		{6AF58DEF-8C54-45A9-BCD6-23FFD5FFE56C}.Debug|Any CPU.ActiveCfg = Debug|Any CPU
		{6AF58DEF-8C54-45A9-BCD6-23FFD5FFE56C}.Debug|Any CPU.Build.0 = Debug|Any CPU
	EndGlobalSection
	GlobalSection(SolutionProperties) = preSolution
		HideSolutionNode = FALSE
	EndGlobalSection
	GlobalSection(ExtensibilityGlobals) = postSolution
		SolutionGuid = {C308D25C-5D59-4544-AC12-C6F505A6438D}
	EndGlobalSection
EndGlobal
